<?xml version="1.0" encoding="utf-8"?>
<Project ToolsVersion="4.0" xmlns="http://schemas.microsoft.com/developer/msbuild/2003">
  <ItemGroup>
    <Filter Include="Graphics">
      <UniqueIdentifier>{90680bb9-4fdd-4b30-93f7-a991b18f6fdf}</UniqueIdentifier>
    </Filter>
    <Filter Include="Graphics\Render">
      <UniqueIdentifier>{7b0adc10-7df6-40df-94f4-4774b51756dd}</UniqueIdentifier>
    </Filter>
    <Filter Include="Graphics\Render\DirectX12">
      <UniqueIdentifier>{675600a5-b9e4-4d75-b92b-f90e6da8bc91}</UniqueIdentifier>
    </Filter>
    <Filter Include="Foundation">
      <UniqueIdentifier>{01e07b5d-f0c3-44bf-b735-6dadc68adecf}</UniqueIdentifier>
    </Filter>
    <Filter Include="Foundation\Math">
      <UniqueIdentifier>{29f1f190-030d-41c7-9b7c-b1cc9f2be19a}</UniqueIdentifier>
    </Filter>
    <Filter Include="DLLExport">
      <UniqueIdentifier>{ac19c426-fad5-4891-9981-b57a4f9895eb}</UniqueIdentifier>
    </Filter>
    <Filter Include="Foundation\Interface">
      <UniqueIdentifier>{7e6f1101-20dd-4975-8307-3dd61f8ab7b6}</UniqueIdentifier>
    </Filter>
    <Filter Include="Graphics\Render\DirectX11">
      <UniqueIdentifier>{906425c4-451b-45a5-98b5-f961f5839823}</UniqueIdentifier>
    </Filter>
    <Filter Include="Foundation\Platform">
      <UniqueIdentifier>{99e1fd19-8f8a-4a83-b76f-107ba7b10249}</UniqueIdentifier>
    </Filter>
  </ItemGroup>
  <ItemGroup>
    <ClCompile Include="Graphics\DirectX11\DirectX11Renderer.cpp" />
    <ClCompile Include="Graphics\DirectX12\DirectX12Renderer.cpp" />
    <ClCompile Include="Graphics\Renderer.cpp" />
  </ItemGroup>
  <ItemGroup>
    <ClInclude Include="Graphics\DirectX11\DirectX11Renderer.h" />
    <ClInclude Include="Graphics\DirectX12\DirectX12Renderer.h" />
    <ClInclude Include="Graphics\Renderer.h" />
    <ClInclude Include="DLLExport\DLLExport.h" />
    <ClInclude Include="Foundation\Interface\IModule.h" />
    <ClInclude Include="Foundation\Platform\Assert.h" />
    <ClInclude Include="Foundation\Platform\BuildType.h" />
    <ClInclude Include="Foundation\Platform\MacosOnly.h" />
    <ClInclude Include="Foundation\Platform\Platform.h" />
    <ClInclude Include="Foundation\Platform\WindowsOnly.h" />
    <ClInclude Include="Foundation\Math\MathCommon.h" />
    <ClInclude Include="Foundation\Math\Matrix.h" />
    <ClInclude Include="Foundation\Math\AMath.h" />
    <ClInclude Include="Foundation\Math\Vector.h" />
  </ItemGroup>
</Project>